Microsoft Visual Studio Solution File, Format Version 12.00
# Visual Studio Version 17
VisualStudioVersion = 17.13.35825.156
MinimumVisualStudioVersion = 10.0.40219.1
Project("{FAE04EC0-301F-11D3-BF4B-00C04F79EFBC}") = "BasicEfCoreDemo", "BasicEfCoreDemo.csproj", "{F4BE8494-CF5A-5427-D733-7676D0CDDBB8}"
EndProject
Global
	GlobalSection(SolutionConfigurationPlatforms) = preSolution
		Debug|Any CPU = Debug|Any CPU
		Release|Any CPU = Release|Any CPU
	EndGlobalSection
	GlobalSection(ProjectConfigurationPlatforms) = postSolution
		{F4BE8494-CF5A-5427-D733-7676D0CDDBB8}.Debug|Any CPU.ActiveCfg = Debug|Any CPU
		{F4BE8494-CF5A-5427-D733-7676D0CDDBB8}.Debug|Any CPU.Build.0 = Debug|Any CPU
		{F4BE8494-CF5A-5427-D733-7676D0CDDBB8}.Release|Any CPU.ActiveCfg = Release|Any CPU
		{F4BE8494-CF5A-5427-D733-7676D0CDDBB8}.Release|Any CPU.Build.0 = Release|Any CPU
	EndGlobalSection
	GlobalSection(SolutionProperties) = preSolution
		HideSolutionNode = FALSE
	EndGlobalSection
	GlobalSection(ExtensibilityGlobals) = postSolution
		SolutionGuid = {A3A24F16-7A9B-438B-9106-31ED12DF2DE4}
	EndGlobalSection
EndGlobal
